// !$*UTF8*$!
{
	archiveVersion = 1;
	classes = {
	};
	objectVersion = 46;
	objects = {

/* Begin PBXBuildFile section */
		65D122D21C494283004B485E /* main.m in Sources */ = {isa = PBXBuildFile; fileRef = 65D122D11C494283004B485E /* main.m */; };
		65D122D51C494283004B485E /* AppDelegate.m in Sources */ = {isa = PBXBuildFile; fileRef = 65D122D41C494283004B485E /* AppDelegate.m */; };
		65D122D81C494283004B485E /* ViewController.m in Sources */ = {isa = PBXBuildFile; fileRef = 65D122D71C494283004B485E /* ViewController.m */; };
		65D122DB1C494283004B485E /* Main.storyboard in Resources */ = {isa = PBXBuildFile; fileRef = 65D122D91C494283004B485E /* Main.storyboard */; };
		65D122DD1C494283004B485E /* Assets.xcassets in Resources */ = {isa = PBXBuildFile; fileRef = 65D122DC1C494283004B485E /* Assets.xcassets */; };
		65D122E01C494283004B485E /* LaunchScreen.storyboard in Resources */ = {isa = PBXBuildFile; fileRef = 65D122DE1C494283004B485E /* LaunchScreen.storyboard */; };
		65D122EB1C494284004B485E /* testTests.m in Sources */ = {isa = PBXBuildFile; fileRef = 65D122EA1C494284004B485E /* testTests.m */; };
/* End PBXBuildFile section */

/* Begin PBXContainerItemProxy section */
		65D122E71C494284004B485E /* PBXContainerItemProxy */ = {
			isa = PBXContainerItemProxy;
			containerPortal = 65D122C51C494283004B485E /* Project object */;
			proxyType = 1;
			remoteGlobalIDString = 65D122CC1C494283004B485E;
			remoteInfo = test;
		};
/* End PBXContainerItemProxy section */

/* Begin PBXFileReference section */
		65D122CD1C494283004B485E /* test.app */ = {isa = PBXFileReference; explicitFileType = wrapper.application; includeInIndex = 0; path = test.app; sourceTree = BUILT_PRODUCTS_DIR; };
		65D122D11C494283004B485E /* main.m */ = {isa = PBXFileReference; lastKnownFileType = sourcecode.c.objc; path = main.m; sourceTree = "<group>"; };
		65D122D31C494283004B485E /* AppDelegate.h */ = {isa = PBXFileReference; lastKnownFileType = sourcecode.c.h; path = AppDelegate.h; sourceTree = "<group>"; };
		65D122D41C494283004B485E /* AppDelegate.m */ = {isa = PBXFileReference; lastKnownFileType = sourcecode.c.objc; path = AppDelegate.m; sourceTree = "<group>"; };
		65D122D61C494283004B485E /* ViewController.h */ = {isa = PBXFileReference; lastKnownFileType = sourcecode.c.h; path = ViewController.h; sourceTree = "<group>"; };
		65D122D71C494283004B485E /* ViewController.m */ = {isa = PBXFileReference; lastKnownFileType = sourcecode.c.objc; path = ViewController.m; sourceTree = "<group>"; };
		65D122DA1C494283004B485E /* Base */ = {isa = PBXFileReference; lastKnownFileType = file.storyboard; name = Base; path = Base.lproj/Main.storyboard; sourceTree = "<group>"; };
		65D122DC1C494283004B485E /* Assets.xcassets */ = {isa = PBXFileReference; lastKnownFileType = folder.assetcatalog; path = Assets.xcassets; sourceTree = "<group>"; };
		65D122DF1C494283004B485E /* Base */ = {isa = PBXFileReference; lastKnownFileType = file.storyboard; name = Base; path = Base.lproj/LaunchScreen.storyboard; sourceTree = "<group>"; };
		65D122E11C494283004B485E /* Info.plist */ = {isa = PBXFileReference; lastKnownFileType = text.plist.xml; path = Info.plist; sourceTree = "<group>"; };
		65D122E61C494284004B485E /* testTests.xctest */ = {isa = PBXFileReference; explicitFileType = wrapper.cfbundle; includeInIndex = 0; path = testTests.xctest; sourceTree = BUILT_PRODUCTS_DIR; };
		65D122EA1C494284004B485E /* testTests.m */ = {isa = PBXFileReference; lastKnownFileType = sourcecode.c.objc; path = testTests.m; sourceTree = "<group>"; };
		65D122EC1C494284004B485E /* Info.plist */ = {isa = PBXFileReference; lastKnownFileType = text.plist.xml; path = Info.plist; sourceTree = "<group>"; };
/* End PBXFileReference section */

/* Begin PBXFrameworksBuildPhase section */
		65D122CA1C494283004B485E /* Frameworks */ = {
			isa = PBXFrameworksBuildPhase;
			buildActionMask = 2147483647;
			files = (
			);
			runOnlyForDeploymentPostprocessing = 0;
		};
		65D122E31C494284004B485E /* Frameworks */ = {
			isa = PBXFrameworksBuildPhase;
			buildActionMask = 2147483647;
			files = (
			);
			runOnlyForDeploymentPostprocessing = 0;
		};
/* End PBXFrameworksBuildPhase section */

/* Begin PBXGroup section */
		65D122C41C494283004B485E = {
			isa = PBXGroup;
			children = (
				65D122CF1C494283004B485E /* test */,
				65D122E91C494284004B485E /* testTests */,
				65D122CE1C494283004B485E /* Products */,
			);
			sourceTree = "<group>";
		};
		65D122CE1C494283004B485E /* Products */ = {
			isa = PBXGroup;
			children = (
				65D122CD1C494283004B485E /* test.app */,
				65D122E61C494284004B485E /* testTests.xctest */,
			);
			name = Products;
			sourceTree = "<group>";
		};
		65D122CF1C494283004B485E /* test */ = {
			isa = PBXGroup;
			children = (
				65D122D31C494283004B485E /* AppDelegate.h */,
				65D122D41C494283004B485E /* AppDelegate.m */,
				65D122D61C494283004B485E /* ViewController.h */,
				65D122D71C494283004B485E /* ViewController.m */,
				65D122D91C494283004B485E /* Main.storyboard */,
				65D122DC1C494283004B485E /* Assets.xcassets */,
				65D122DE1C494283004B485E /* LaunchScreen.storyboard */,
				65D122E11C494283004B485E /* Info.plist */,
				65D122D01C494283004B485E /* Supporting Files */,
			);
			path = test;
			sourceTree = "<group>";
		};
		65D122D01C494283004B485E /* Supporting Files */ = {
			isa = PBXGroup;
			children = (
				65D122D11C494283004B485E /* main.m */,
			);
			name = "Supporting Files";
			sourceTree = "<group>";
		};
		65D122E91C494284004B485E /* testTests */ = {
			isa = PBXGroup;
			children = (
				65D122EA1C494284004B485E /* testTests.m */,
				65D122EC1C494284004B485E /* Info.plist */,
			);
			path = testTests;
			sourceTree = "<group>";
		};
/* End PBXGroup section */

/* Begin PBXNativeTarget section */
		65D122CC1C494283004B485E /* test */ = {
			isa = PBXNativeTarget;
			buildConfigurationList = 65D122EF1C494284004B485E /* Build configuration list for PBXNativeTarget "test" */;
			buildPhases = (
				65D122C91C494283004B485E /* Sources */,
				65D122CA1C494283004B485E /* Frameworks */,
				65D122CB1C494283004B485E /* Resources */,
			);
			buildRules = (
			);
			dependencies = (
			);
			name = test;
			productName = test;
			productReference = 65D122CD1C494283004B485E /* test.app */;
			productType = "com.apple.product-type.application";
		};
		65D122E51C494284004B485E /* testTests */ = {
			isa = PBXNativeTarget;
			buildConfigurationList = 65D122F21C494284004B485E /* Build configuration list for PBXNativeTarget "testTests" */;
			buildPhases = (
				65D122E21C494284004B485E /* Sources */,
				65D122E31C494284004B485E /* Frameworks */,
				65D122E41C494284004B485E /* Resources */,
			);
			buildRules = (
			);
			dependencies = (
				65D122E81C494284004B485E /* PBXTargetDependency */,
			);
			name = testTests;
			productName = testTests;
			productReference = 65D122E61C494284004B485E /* testTests.xctest */;
			productType = "com.apple.product-type.bundle.unit-test";
		};
/* End PBXNativeTarget section */

/* Begin PBXProject section */
		65D122C51C494283004B485E /* Project object */ = {
			isa = PBXProject;
			attributes = {
				LastUpgradeCheck = 0720;
				ORGANIZATIONNAME = Trainline;
				TargetAttributes = {
					65D122CC1C494283004B485E = {
						CreatedOnToolsVersion = 7.2;
					};
					65D122E51C494284004B485E = {
						CreatedOnToolsVersion = 7.2;
						TestTargetID = 65D122CC1C494283004B485E;
					};
				};
			};
			buildConfigurationList = 65D122C81C494283004B485E /* Build configuration list for PBXProject "test" */;
			compatibilityVersion = "Xcode 3.2";
			developmentRegion = English;
			hasScannedForEncodings = 0;
			knownRegions = (
				en,
				Base,
			);
			mainGroup = 65D122C41C494283004B485E;
			productRefGroup = 65D122CE1C494283004B485E /* Products */;
			projectDirPath = "";
			projectRoot = "";
			targets = (
				65D122CC1C494283004B485E /* test */,
				65D122E51C494284004B485E /* testTests */,
			);
		};
/* End PBXProject section */

/* Begin PBXResourcesBuildPhase section */
		65D122CB1C494283004B485E /* Resources */ = {
			isa = PBXResourcesBuildPhase;
			buildActionMask = 2147483647;
			files = (
				65D122E01C494283004B485E /* LaunchScreen.storyboard in Resources */,
				65D122DD1C494283004B485E /* Assets.xcassets in Resources */,
				65D122DB1C494283004B485E /* Main.storyboard in Resources */,
			);
			runOnlyForDeploymentPostprocessing = 0;
		};
		65D122E41C494284004B485E /* Resources */ = {
			isa = PBXResourcesBuildPhase;
			buildActionMask = 2147483647;
			files = (
			);
			runOnlyForDeploymentPostprocessing = 0;
		};
/* End PBXResourcesBuildPhase section */

/* Begin PBXSourcesBuildPhase section */
		65D122C91C494283004B485E /* Sources */ = {
			isa = PBXSourcesBuildPhase;
			buildActionMask = 2147483647;
			files = (
				65D122D81C494283004B485E /* ViewController.m in Sources */,
				65D122D51C494283004B485E /* AppDelegate.m in Sources */,
				65D122D21C494283004B485E /* main.m in Sources */,
			);
			runOnlyForDeploymentPostprocessing = 0;
		};
		65D122E21C494284004B485E /* Sources */ = {
			isa = PBXSourcesBuildPhase;
			buildActionMask = 2147483647;
			files = (
				65D122EB1C494284004B485E /* testTests.m in Sources */,
			);
			runOnlyForDeploymentPostprocessing = 0;
		};
/* End PBXSourcesBuildPhase section */

/* Begin PBXTargetDependency section */
		65D122E81C494284004B485E /* PBXTargetDependency */ = {
			isa = PBXTargetDependency;
			target = 65D122CC1C494283004B485E /* test */;
			targetProxy = 65D122E71C494284004B485E /* PBXContainerItemProxy */;
		};
/* End PBXTargetDependency section */

/* Begin PBXVariantGroup section */
		65D122D91C494283004B485E /* Main.storyboard */ = {
			isa = PBXVariantGroup;
			children = (
				65D122DA1C494283004B485E /* Base */,
			);
			name = Main.storyboard;
			sourceTree = "<group>";
		};
		65D122DE1C494283004B485E /* LaunchScreen.storyboard */ = {
			isa = PBXVariantGroup;
			children = (
				65D122DF1C494283004B485E /* Base */,
			);
			name = LaunchScreen.storyboard;
			sourceTree = "<group>";
		};
/* End PBXVariantGroup section */

/* Begin XCBuildConfiguration section */
		65D122ED1C494284004B485E /* Debug */ = {
			isa = XCBuildConfiguration;
			buildSettings = {
				ALWAYS_SEARCH_USER_PATHS = NO;
				CLANG_CXX_LANGUAGE_STANDARD = "gnu++0x";
				CLANG_CXX_LIBRARY = "libc++";
				CLANG_ENABLE_MODULES = YES;
				CLANG_ENABLE_OBJC_ARC = YES;
				CLANG_WARN_BOOL_CONVERSION = YES;
				CLANG_WARN_CONSTANT_CONVERSION = YES;
				CLANG_WARN_DIRECT_OBJC_ISA_USAGE = YES_ERROR;
				CLANG_WARN_EMPTY_BODY = YES;
				CLANG_WARN_ENUM_CONVERSION = YES;
				CLANG_WARN_INT_CONVERSION = YES;
				CLANG_WARN_OBJC_ROOT_CLASS = YES_ERROR;
				CLANG_WARN_UNREACHABLE_CODE = YES;
				CLANG_WARN__DUPLICATE_METHOD_MATCH = YES;
				"CODE_SIGN_IDENTITY[sdk=iphoneos*]" = "iPhone Developer";
				COPY_PHASE_STRIP = NO;
				DEBUG_INFORMATION_FORMAT = dwarf;
				ENABLE_STRICT_OBJC_MSGSEND = YES;
				ENABLE_TESTABILITY = YES;
				GCC_C_LANGUAGE_STANDARD = gnu99;
				GCC_DYNAMIC_NO_PIC = NO;
				GCC_NO_COMMON_BLOCKS = YES;
				GCC_OPTIMIZATION_LEVEL = 0;
				GCC_PREPROCESSOR_DEFINITIONS = (
					"DEBUG=1",
					"$(inherited)",
				);
				GCC_WARN_64_TO_32_BIT_CONVERSION = YES;
				GCC_WARN_ABOUT_RETURN_TYPE = YES_ERROR;
				GCC_WARN_UNDECLARED_SELECTOR = YES;
				GCC_WARN_UNINITIALIZED_AUTOS = YES_AGGRESSIVE;
				GCC_WARN_UNUSED_FUNCTION = YES;
				GCC_WARN_UNUSED_VARIABLE = YES;
				IPHONEOS_DEPLOYMENT_TARGET = 9.2;
				MTL_ENABLE_DEBUG_INFO = YES;
				ONLY_ACTIVE_ARCH = YES;
				SDKROOT = iphoneos;
				TARGETED_DEVICE_FAMILY = "1,2";
			};
			name = Debug;
		};
		65D122EE1C494284004B485E /* Release */ = {
			isa = XCBuildConfiguration;
			buildSettings = {
				ALWAYS_SEARCH_USER_PATHS = NO;
				CLANG_CXX_LANGUAGE_STANDARD = "gnu++0x";
				CLANG_CXX_LIBRARY = "libc++";
				CLANG_ENABLE_MODULES = YES;
				CLANG_ENABLE_OBJC_ARC = YES;
				CLANG_WARN_BOOL_CONVERSION = YES;
				CLANG_WARN_CONSTANT_CONVERSION = YES;
				CLANG_WARN_DIRECT_OBJC_ISA_USAGE = YES_ERROR;
				CLANG_WARN_EMPTY_BODY = YES;
				CLANG_WARN_ENUM_CONVERSION = YES;
				CLANG_WARN_INT_CONVERSION = YES;
				CLANG_WARN_OBJC_ROOT_CLASS = YES_ERROR;
				CLANG_WARN_UNREACHABLE_CODE = YES;
				CLANG_WARN__DUPLICATE_METHOD_MATCH = YES;
				"CODE_SIGN_IDENTITY[sdk=iphoneos*]" = "iPhone Developer";
				COPY_PHASE_STRIP = NO;
				DEBUG_INFORMATION_FORMAT = "dwarf-with-dsym";
				ENABLE_NS_ASSERTIONS = NO;
				ENABLE_STRICT_OBJC_MSGSEND = YES;
				GCC_C_LANGUAGE_STANDARD = gnu99;
				GCC_NO_COMMON_BLOCKS = YES;
				GCC_WARN_64_TO_32_BIT_CONVERSION = YES;
				GCC_WARN_ABOUT_RETURN_TYPE = YES_ERROR;
				GCC_WARN_UNDECLARED_SELECTOR = YES;
				GCC_WARN_UNINITIALIZED_AUTOS = YES_AGGRESSIVE;
				GCC_WARN_UNUSED_FUNCTION = YES;
				GCC_WARN_UNUSED_VARIABLE = YES;
				IPHONEOS_DEPLOYMENT_TARGET = 9.2;
				MTL_ENABLE_DEBUG_INFO = NO;
				SDKROOT = iphoneos;
				TARGETED_DEVICE_FAMILY = "1,2";
				VALIDATE_PRODUCT = YES;
			};
			name = Release;
		};
		65D122F01C494284004B485E /* Debug */ = {
			isa = XCBuildConfiguration;
			buildSettings = {
				ASSETCATALOG_COMPILER_APPICON_NAME = AppIcon;
				INFOPLIST_FILE = test/Info.plist;
				LD_RUNPATH_SEARCH_PATHS = "$(inherited) @executable_path/Frameworks";
				PRODUCT_BUNDLE_IDENTIFIER = com.trainline.test;
				PRODUCT_NAME = "$(TARGET_NAME)";
			};
			name = Debug;
		};
		65D122F11C494284004B485E /* Release */ = {
			isa = XCBuildConfiguration;
			buildSettings = {
				ASSETCATALOG_COMPILER_APPICON_NAME = AppIcon;
				INFOPLIST_FILE = test/Info.plist;
				LD_RUNPATH_SEARCH_PATHS = "$(inherited) @executable_path/Frameworks";
				PRODUCT_BUNDLE_IDENTIFIER = com.trainline.test;
				PRODUCT_NAME = "$(TARGET_NAME)";
			};
			name = Release;
		};
		65D122F31C494284004B485E /* Debug */ = {
			isa = XCBuildConfiguration;
			buildSettings = {
				BUNDLE_LOADER = "$(TEST_HOST)";
				INFOPLIST_FILE = testTests/Info.plist;
				LD_RUNPATH_SEARCH_PATHS = "$(inherited) @executable_path/Frameworks @loader_path/Frameworks";
				PRODUCT_BUNDLE_IDENTIFIER = com.trainline.testTests;
				PRODUCT_NAME = "$(TARGET_NAME)";
				TEST_HOST = "$(BUILT_PRODUCTS_DIR)/test.app/test";
			};
			name = Debug;
		};
		65D122F41C494284004B485E /* Release */ = {
			isa = XCBuildConfiguration;
			buildSettings = {
				BUNDLE_LOADER = "$(TEST_HOST)";
				INFOPLIST_FILE = testTests/Info.plist;
				LD_RUNPATH_SEARCH_PATHS = "$(inherited) @executable_path/Frameworks @loader_path/Frameworks";
				PRODUCT_BUNDLE_IDENTIFIER = com.trainline.testTests;
				PRODUCT_NAME = "$(TARGET_NAME)";
				TEST_HOST = "$(BUILT_PRODUCTS_DIR)/test.app/test";
			};
			name = Release;
		};
/* End XCBuildConfiguration section */

/* Begin XCConfigurationList section */
		65D122C81C494283004B485E /* Build configuration list for PBXProject "test" */ = {
			isa = XCConfigurationList;
			buildConfigurations = (
				65D122ED1C494284004B485E /* Debug */,
				65D122EE1C494284004B485E /* Release */,
			);
			defaultConfigurationIsVisible = 0;
			defaultConfigurationName = Release;
		};
		65D122EF1C494284004B485E /* Build configuration list for PBXNativeTarget "test" */ = {
			isa = XCConfigurationList;
			buildConfigurations = (
				65D122F01C494284004B485E /* Debug */,
				65D122F11C494284004B485E /* Release */,
			);
			defaultConfigurationIsVisible = 0;
		};
		65D122F21C494284004B485E /* Build configuration list for PBXNativeTarget "testTests" */ = {
			isa = XCConfigurationList;
			buildConfigurations = (
				65D122F31C494284004B485E /* Debug */,
				65D122F41C494284004B485E /* Release */,
			);
			defaultConfigurationIsVisible = 0;
		};
/* End XCConfigurationList section */
	};
	rootObject = 65D122C51C494283004B485E /* Project object */;
}
